
Microsoft Visual Studio Solution File, Format Version 12.00
# Visual Studio Version 17
VisualStudioVersion = 17.8.34408.163
MinimumVisualStudioVersion = 10.0.40219.1
Project("{FAE04EC0-301F-11D3-BF4B-00C04F79EFBC}") = "Calculator", "Calculator.csproj", "{D43723CD-DE1F-4C9C-8213-12D6A182287A}"
EndProject
Global
	GlobalSection(SolutionConfigurationPlatforms) = preSolution
		Debug|Any CPU = Debug|Any CPU
		Release|Any CPU = Release|Any CPU
	EndGlobalSection
	GlobalSection(ProjectConfigurationPlatforms) = postSolution
		{D43723CD-DE1F-4C9C-8213-12D6A182287A}.Debug|Any CPU.ActiveCfg = Debug|Any CPU
		{D43723CD-DE1F-4C9C-8213-12D6A182287A}.Debug|Any CPU.Build.0 = Debug|Any CPU
		{D43723CD-DE1F-4C9C-8213-12D6A182287A}.Release|Any CPU.ActiveCfg = Release|Any CPU
		{D43723CD-DE1F-4C9C-8213-12D6A182287A}.Release|Any CPU.Build.0 = Release|Any CPU
	EndGlobalSection
	GlobalSection(SolutionProperties) = preSolution
		HideSolutionNode = FALSE
	EndGlobalSection
	GlobalSection(ExtensibilityGlobals) = postSolution
		SolutionGuid = {B658FDE5-F870-43CC-9185-600485B48706}
	EndGlobalSection
EndGlobal
